{
  "name": "cpz-shared",
  "version": "1.0.0",
  "lockfileVersion": 1,
  "requires": true,
  "dependencies": {
    "p-retry": {
      "version": "2.0.0",
      "resolved": "https://registry.npmjs.org/p-retry/-/p-retry-2.0.0.tgz",
      "integrity": "sha512-ZbCuzAmiwJ45q4evp/IG9D+5MUllGSUeCWwPt3j/tdYSi1KPkSD+46uqmAA1LhccDhOXv8kYZKNb8x78VflzfA==",
      "requires": {
        "retry": "^0.12.0"
      }
    },
    "retry": {
      "version": "0.12.0",
      "resolved": "https://registry.npmjs.org/retry/-/retry-0.12.0.tgz",
      "integrity": "sha1-G0KmJmoh8HQh0bC1S33BZ7AcATs="
    }
  }
}
